
Microsoft Visual Studio Solution File, Format Version 11.00
# Visual Studio 2010
Project("{FAE04EC0-301F-11D3-BF4B-00C04F79EFBC}") = "Spikes", "Spikes\Spikes.csproj", "{076E9F8B-9C2E-4043-8EBF-9BA88E09A0EC}"
EndProject
Project("{FAE04EC0-301F-11D3-BF4B-00C04F79EFBC}") = "Tutorial1", "Tutorial1\Tutorial1.csproj", "{94C74F05-EE98-4E6C-A896-872032527332}"
EndProject
Project("{FAE04EC0-301F-11D3-BF4B-00C04F79EFBC}") = "Common", "Common\Common.csproj", "{540E7440-1705-4B6B-87A9-99DFA0C366A7}"
EndProject
Project("{FAE04EC0-301F-11D3-BF4B-00C04F79EFBC}") = "Tutorial2", "Tutorial2\Tutorial2.csproj", "{246966D4-E6C8-4D8F-8179-0A698095D71F}"
EndProject
Project("{FAE04EC0-301F-11D3-BF4B-00C04F79EFBC}") = "Tutorial3", "Tutorial3\Tutorial3.csproj", "{52788849-3FC3-48B6-BCE1-0A9A18E9BA77}"
EndProject
Global
	GlobalSection(SolutionConfigurationPlatforms) = preSolution
		Debug|Any CPU = Debug|Any CPU
		Debug|Mixed Platforms = Debug|Mixed Platforms
		Debug|x86 = Debug|x86
		Release|Any CPU = Release|Any CPU
		Release|Mixed Platforms = Release|Mixed Platforms
		Release|x86 = Release|x86
	EndGlobalSection
	GlobalSection(ProjectConfigurationPlatforms) = postSolution
		{076E9F8B-9C2E-4043-8EBF-9BA88E09A0EC}.Debug|Any CPU.ActiveCfg = Debug|x86
		{076E9F8B-9C2E-4043-8EBF-9BA88E09A0EC}.Debug|Mixed Platforms.ActiveCfg = Debug|x86
		{076E9F8B-9C2E-4043-8EBF-9BA88E09A0EC}.Debug|Mixed Platforms.Build.0 = Debug|x86
		{076E9F8B-9C2E-4043-8EBF-9BA88E09A0EC}.Debug|x86.ActiveCfg = Debug|x86
		{076E9F8B-9C2E-4043-8EBF-9BA88E09A0EC}.Debug|x86.Build.0 = Debug|x86
		{076E9F8B-9C2E-4043-8EBF-9BA88E09A0EC}.Release|Any CPU.ActiveCfg = Release|x86
		{076E9F8B-9C2E-4043-8EBF-9BA88E09A0EC}.Release|Mixed Platforms.ActiveCfg = Release|x86
		{076E9F8B-9C2E-4043-8EBF-9BA88E09A0EC}.Release|Mixed Platforms.Build.0 = Release|x86
		{076E9F8B-9C2E-4043-8EBF-9BA88E09A0EC}.Release|x86.ActiveCfg = Release|x86
		{076E9F8B-9C2E-4043-8EBF-9BA88E09A0EC}.Release|x86.Build.0 = Release|x86
		{94C74F05-EE98-4E6C-A896-872032527332}.Debug|Any CPU.ActiveCfg = Debug|Any CPU
		{94C74F05-EE98-4E6C-A896-872032527332}.Debug|Any CPU.Build.0 = Debug|Any CPU
		{94C74F05-EE98-4E6C-A896-872032527332}.Debug|Mixed Platforms.ActiveCfg = Debug|Any CPU
		{94C74F05-EE98-4E6C-A896-872032527332}.Debug|Mixed Platforms.Build.0 = Debug|Any CPU
		{94C74F05-EE98-4E6C-A896-872032527332}.Debug|x86.ActiveCfg = Debug|Any CPU
		{94C74F05-EE98-4E6C-A896-872032527332}.Release|Any CPU.ActiveCfg = Release|Any CPU
		{94C74F05-EE98-4E6C-A896-872032527332}.Release|Any CPU.Build.0 = Release|Any CPU
		{94C74F05-EE98-4E6C-A896-872032527332}.Release|Mixed Platforms.ActiveCfg = Release|Any CPU
		{94C74F05-EE98-4E6C-A896-872032527332}.Release|Mixed Platforms.Build.0 = Release|Any CPU
		{94C74F05-EE98-4E6C-A896-872032527332}.Release|x86.ActiveCfg = Release|Any CPU
		{540E7440-1705-4B6B-87A9-99DFA0C366A7}.Debug|Any CPU.ActiveCfg = Debug|Any CPU
		{540E7440-1705-4B6B-87A9-99DFA0C366A7}.Debug|Any CPU.Build.0 = Debug|Any CPU
		{540E7440-1705-4B6B-87A9-99DFA0C366A7}.Debug|Mixed Platforms.ActiveCfg = Debug|Any CPU
		{540E7440-1705-4B6B-87A9-99DFA0C366A7}.Debug|Mixed Platforms.Build.0 = Debug|Any CPU
		{540E7440-1705-4B6B-87A9-99DFA0C366A7}.Debug|x86.ActiveCfg = Debug|Any CPU
		{540E7440-1705-4B6B-87A9-99DFA0C366A7}.Release|Any CPU.ActiveCfg = Release|Any CPU
		{540E7440-1705-4B6B-87A9-99DFA0C366A7}.Release|Any CPU.Build.0 = Release|Any CPU
		{540E7440-1705-4B6B-87A9-99DFA0C366A7}.Release|Mixed Platforms.ActiveCfg = Release|Any CPU
		{540E7440-1705-4B6B-87A9-99DFA0C366A7}.Release|Mixed Platforms.Build.0 = Release|Any CPU
		{540E7440-1705-4B6B-87A9-99DFA0C366A7}.Release|x86.ActiveCfg = Release|Any CPU
		{246966D4-E6C8-4D8F-8179-0A698095D71F}.Debug|Any CPU.ActiveCfg = Debug|Any CPU
		{246966D4-E6C8-4D8F-8179-0A698095D71F}.Debug|Any CPU.Build.0 = Debug|Any CPU
		{246966D4-E6C8-4D8F-8179-0A698095D71F}.Debug|Mixed Platforms.ActiveCfg = Debug|Any CPU
		{246966D4-E6C8-4D8F-8179-0A698095D71F}.Debug|Mixed Platforms.Build.0 = Debug|Any CPU
		{246966D4-E6C8-4D8F-8179-0A698095D71F}.Debug|x86.ActiveCfg = Debug|Any CPU
		{246966D4-E6C8-4D8F-8179-0A698095D71F}.Release|Any CPU.ActiveCfg = Release|Any CPU
		{246966D4-E6C8-4D8F-8179-0A698095D71F}.Release|Any CPU.Build.0 = Release|Any CPU
		{246966D4-E6C8-4D8F-8179-0A698095D71F}.Release|Mixed Platforms.ActiveCfg = Release|Any CPU
		{246966D4-E6C8-4D8F-8179-0A698095D71F}.Release|Mixed Platforms.Build.0 = Release|Any CPU
		{246966D4-E6C8-4D8F-8179-0A698095D71F}.Release|x86.ActiveCfg = Release|Any CPU
		{52788849-3FC3-48B6-BCE1-0A9A18E9BA77}.Debug|Any CPU.ActiveCfg = Debug|Any CPU
		{52788849-3FC3-48B6-BCE1-0A9A18E9BA77}.Debug|Any CPU.Build.0 = Debug|Any CPU
		{52788849-3FC3-48B6-BCE1-0A9A18E9BA77}.Debug|Mixed Platforms.ActiveCfg = Debug|Any CPU
		{52788849-3FC3-48B6-BCE1-0A9A18E9BA77}.Debug|Mixed Platforms.Build.0 = Debug|Any CPU
		{52788849-3FC3-48B6-BCE1-0A9A18E9BA77}.Debug|x86.ActiveCfg = Debug|Any CPU
		{52788849-3FC3-48B6-BCE1-0A9A18E9BA77}.Release|Any CPU.ActiveCfg = Release|Any CPU
		{52788849-3FC3-48B6-BCE1-0A9A18E9BA77}.Release|Any CPU.Build.0 = Release|Any CPU
		{52788849-3FC3-48B6-BCE1-0A9A18E9BA77}.Release|Mixed Platforms.ActiveCfg = Release|Any CPU
		{52788849-3FC3-48B6-BCE1-0A9A18E9BA77}.Release|Mixed Platforms.Build.0 = Release|Any CPU
		{52788849-3FC3-48B6-BCE1-0A9A18E9BA77}.Release|x86.ActiveCfg = Release|Any CPU
	EndGlobalSection
	GlobalSection(SolutionProperties) = preSolution
		HideSolutionNode = FALSE
	EndGlobalSection
EndGlobal
