
Microsoft Visual Studio Solution File, Format Version 11.00
# Visual Studio 2010
Project("{FAE04EC0-301F-11D3-BF4B-00C04F79EFBC}") = "Tutorial1", "Tutorial1\Tutorial1.csproj", "{94C74F05-EE98-4E6C-A896-872032527332}"
EndProject
Project("{FAE04EC0-301F-11D3-BF4B-00C04F79EFBC}") = "Common", "Common\Common.csproj", "{540E7440-1705-4B6B-87A9-99DFA0C366A7}"
EndProject
Project("{FAE04EC0-301F-11D3-BF4B-00C04F79EFBC}") = "Tutorial2", "Tutorial2\Tutorial2.csproj", "{246966D4-E6C8-4D8F-8179-0A698095D71F}"
EndProject
Project("{FAE04EC0-301F-11D3-BF4B-00C04F79EFBC}") = "Tutorial3", "Tutorial3\Tutorial3.csproj", "{52788849-3FC3-48B6-BCE1-0A9A18E9BA77}"
EndProject
Project("{FAE04EC0-301F-11D3-BF4B-00C04F79EFBC}") = "Tutorial4", "Tutorial4\Tutorial4.csproj", "{D6F2AD5F-F02B-438B-AA01-704DE9FE485D}"
EndProject
Project("{FAE04EC0-301F-11D3-BF4B-00C04F79EFBC}") = "Tutorial5", "Tutorial5\Tutorial5.csproj", "{0C718885-D6C9-48BE-A687-AF9E21F7ACF3}"
EndProject
Project("{FAE04EC0-301F-11D3-BF4B-00C04F79EFBC}") = "Tutorial6", "Tutorial6\Tutorial6.csproj", "{F602ABE7-309C-4DC6-A266-04042A48623F}"
EndProject
Project("{FAE04EC0-301F-11D3-BF4B-00C04F79EFBC}") = "Runner", "Runner\Runner.csproj", "{076E9F8B-9C2E-4043-8EBF-9BA88E09A0EC}"
EndProject
Project("{2150E333-8FDC-42A3-9474-1A3956D46DE8}") = "Tutorials", "Tutorials", "{A3CA94A8-35C8-4A89-A118-07F41A171348}"
EndProject
Project("{FAE04EC0-301F-11D3-BF4B-00C04F79EFBC}") = "Resbit", "Resbit\Resbit.csproj", "{18FAF2EE-9442-4FE8-8723-D5A17C7E02B1}"
EndProject
Project("{FAE04EC0-301F-11D3-BF4B-00C04F79EFBC}") = "Resbit.Test", "Resbit.Test\Resbit.Test.csproj", "{DC3D0C0F-F024-4A72-83E4-DF3D6AE5DB26}"
EndProject
Project("{FAE04EC0-301F-11D3-BF4B-00C04F79EFBC}") = "Tests.Integration", "Tests.Integration\Tests.Integration.csproj", "{5AACB2EF-9199-41E8-B08C-81CAE4F29DD5}"
EndProject
Project("{FAE04EC0-301F-11D3-BF4B-00C04F79EFBC}") = "Tests.Unit", "Tests.Unit\Tests.Unit.csproj", "{3913DB80-18C2-4326-B6E4-BDE0B21DDCE1}"
EndProject
Project("{FAE04EC0-301F-11D3-BF4B-00C04F79EFBC}") = "Tutorial3-Original", "Tutorial3-Original\Tutorial3-Original.csproj", "{74A2CE18-9CFD-4436-8565-1D70F4449EC3}"
EndProject
Project("{2150E333-8FDC-42A3-9474-1A3956D46DE8}") = "Demo", "Demo", "{0CED6C74-6831-4827-B389-2364395CFFEC}"
EndProject
Project("{FAE04EC0-301F-11D3-BF4B-00C04F79EFBC}") = "Federation", "Federation\Federation.csproj", "{03F4533A-B8B4-4729-BA99-1B8F2A1ACF5D}"
EndProject
Project("{FAE04EC0-301F-11D3-BF4B-00C04F79EFBC}") = "Roger", "Roger\Roger.csproj", "{BD4CC6D5-8212-4BFF-BFA0-B6F84E668230}"
EndProject
Project("{FAE04EC0-301F-11D3-BF4B-00C04F79EFBC}") = "Roger.Chat.Client", "Roger.Chat.Client\Roger.Chat.Client.csproj", "{8AFBBD65-4303-4FB7-AFD5-5979DE419655}"
EndProject
Project("{FAE04EC0-301F-11D3-BF4B-00C04F79EFBC}") = "Roger.Chat.Messages", "Roger.Chat.Messages\Roger.Chat.Messages.csproj", "{568C8C5A-45C4-47E5-8E03-7A0954564216}"
EndProject
Project("{FAE04EC0-301F-11D3-BF4B-00C04F79EFBC}") = "Roger.Chat.Server", "Roger.Chat.Server\Roger.Chat.Server.csproj", "{2D0071C9-9D71-4C1A-9841-9FD99436F01B}"
EndProject
Project("{FAE04EC0-301F-11D3-BF4B-00C04F79EFBC}") = "Roger.Windsor", "Roger.Windsor\Roger.Windsor.csproj", "{9E1D695F-2509-4A20-9968-2AF9CF0D85B1}"
EndProject
Project("{FAE04EC0-301F-11D3-BF4B-00C04F79EFBC}") = "BusProcesses", "BusProcesses\BusProcesses.csproj", "{2E72B3AD-17A8-4E95-A434-FB8BA70266C9}"
EndProject
Project("{FAE04EC0-301F-11D3-BF4B-00C04F79EFBC}") = "ManagedShovel", "ManagedShovel\ManagedShovel.csproj", "{28A360A8-9875-4676-A392-EA632EB86D56}"
EndProject
Global
	GlobalSection(SolutionConfigurationPlatforms) = preSolution
		Debug|Any CPU = Debug|Any CPU
		Debug|Mixed Platforms = Debug|Mixed Platforms
		Debug|x86 = Debug|x86
		Release|Any CPU = Release|Any CPU
		Release|Mixed Platforms = Release|Mixed Platforms
		Release|x86 = Release|x86
	EndGlobalSection
	GlobalSection(ProjectConfigurationPlatforms) = postSolution
		{94C74F05-EE98-4E6C-A896-872032527332}.Debug|Any CPU.ActiveCfg = Debug|Any CPU
		{94C74F05-EE98-4E6C-A896-872032527332}.Debug|Any CPU.Build.0 = Debug|Any CPU
		{94C74F05-EE98-4E6C-A896-872032527332}.Debug|Mixed Platforms.ActiveCfg = Debug|Any CPU
		{94C74F05-EE98-4E6C-A896-872032527332}.Debug|Mixed Platforms.Build.0 = Debug|Any CPU
		{94C74F05-EE98-4E6C-A896-872032527332}.Debug|x86.ActiveCfg = Debug|Any CPU
		{94C74F05-EE98-4E6C-A896-872032527332}.Release|Any CPU.ActiveCfg = Release|Any CPU
		{94C74F05-EE98-4E6C-A896-872032527332}.Release|Any CPU.Build.0 = Release|Any CPU
		{94C74F05-EE98-4E6C-A896-872032527332}.Release|Mixed Platforms.ActiveCfg = Release|Any CPU
		{94C74F05-EE98-4E6C-A896-872032527332}.Release|Mixed Platforms.Build.0 = Release|Any CPU
		{94C74F05-EE98-4E6C-A896-872032527332}.Release|x86.ActiveCfg = Release|Any CPU
		{540E7440-1705-4B6B-87A9-99DFA0C366A7}.Debug|Any CPU.ActiveCfg = Debug|Any CPU
		{540E7440-1705-4B6B-87A9-99DFA0C366A7}.Debug|Any CPU.Build.0 = Debug|Any CPU
		{540E7440-1705-4B6B-87A9-99DFA0C366A7}.Debug|Mixed Platforms.ActiveCfg = Debug|Any CPU
		{540E7440-1705-4B6B-87A9-99DFA0C366A7}.Debug|Mixed Platforms.Build.0 = Debug|Any CPU
		{540E7440-1705-4B6B-87A9-99DFA0C366A7}.Debug|x86.ActiveCfg = Debug|Any CPU
		{540E7440-1705-4B6B-87A9-99DFA0C366A7}.Release|Any CPU.ActiveCfg = Release|Any CPU
		{540E7440-1705-4B6B-87A9-99DFA0C366A7}.Release|Any CPU.Build.0 = Release|Any CPU
		{540E7440-1705-4B6B-87A9-99DFA0C366A7}.Release|Mixed Platforms.ActiveCfg = Release|Any CPU
		{540E7440-1705-4B6B-87A9-99DFA0C366A7}.Release|Mixed Platforms.Build.0 = Release|Any CPU
		{540E7440-1705-4B6B-87A9-99DFA0C366A7}.Release|x86.ActiveCfg = Release|Any CPU
		{246966D4-E6C8-4D8F-8179-0A698095D71F}.Debug|Any CPU.ActiveCfg = Debug|Any CPU
		{246966D4-E6C8-4D8F-8179-0A698095D71F}.Debug|Any CPU.Build.0 = Debug|Any CPU
		{246966D4-E6C8-4D8F-8179-0A698095D71F}.Debug|Mixed Platforms.ActiveCfg = Debug|Any CPU
		{246966D4-E6C8-4D8F-8179-0A698095D71F}.Debug|Mixed Platforms.Build.0 = Debug|Any CPU
		{246966D4-E6C8-4D8F-8179-0A698095D71F}.Debug|x86.ActiveCfg = Debug|Any CPU
		{246966D4-E6C8-4D8F-8179-0A698095D71F}.Release|Any CPU.ActiveCfg = Release|Any CPU
		{246966D4-E6C8-4D8F-8179-0A698095D71F}.Release|Any CPU.Build.0 = Release|Any CPU
		{246966D4-E6C8-4D8F-8179-0A698095D71F}.Release|Mixed Platforms.ActiveCfg = Release|Any CPU
		{246966D4-E6C8-4D8F-8179-0A698095D71F}.Release|Mixed Platforms.Build.0 = Release|Any CPU
		{246966D4-E6C8-4D8F-8179-0A698095D71F}.Release|x86.ActiveCfg = Release|Any CPU
		{52788849-3FC3-48B6-BCE1-0A9A18E9BA77}.Debug|Any CPU.ActiveCfg = Debug|Any CPU
		{52788849-3FC3-48B6-BCE1-0A9A18E9BA77}.Debug|Any CPU.Build.0 = Debug|Any CPU
		{52788849-3FC3-48B6-BCE1-0A9A18E9BA77}.Debug|Mixed Platforms.ActiveCfg = Debug|Any CPU
		{52788849-3FC3-48B6-BCE1-0A9A18E9BA77}.Debug|Mixed Platforms.Build.0 = Debug|Any CPU
		{52788849-3FC3-48B6-BCE1-0A9A18E9BA77}.Debug|x86.ActiveCfg = Debug|Any CPU
		{52788849-3FC3-48B6-BCE1-0A9A18E9BA77}.Release|Any CPU.ActiveCfg = Release|Any CPU
		{52788849-3FC3-48B6-BCE1-0A9A18E9BA77}.Release|Any CPU.Build.0 = Release|Any CPU
		{52788849-3FC3-48B6-BCE1-0A9A18E9BA77}.Release|Mixed Platforms.ActiveCfg = Release|Any CPU
		{52788849-3FC3-48B6-BCE1-0A9A18E9BA77}.Release|Mixed Platforms.Build.0 = Release|Any CPU
		{52788849-3FC3-48B6-BCE1-0A9A18E9BA77}.Release|x86.ActiveCfg = Release|Any CPU
		{D6F2AD5F-F02B-438B-AA01-704DE9FE485D}.Debug|Any CPU.ActiveCfg = Debug|Any CPU
		{D6F2AD5F-F02B-438B-AA01-704DE9FE485D}.Debug|Any CPU.Build.0 = Debug|Any CPU
		{D6F2AD5F-F02B-438B-AA01-704DE9FE485D}.Debug|Mixed Platforms.ActiveCfg = Debug|Any CPU
		{D6F2AD5F-F02B-438B-AA01-704DE9FE485D}.Debug|Mixed Platforms.Build.0 = Debug|Any CPU
		{D6F2AD5F-F02B-438B-AA01-704DE9FE485D}.Debug|x86.ActiveCfg = Debug|Any CPU
		{D6F2AD5F-F02B-438B-AA01-704DE9FE485D}.Release|Any CPU.ActiveCfg = Release|Any CPU
		{D6F2AD5F-F02B-438B-AA01-704DE9FE485D}.Release|Any CPU.Build.0 = Release|Any CPU
		{D6F2AD5F-F02B-438B-AA01-704DE9FE485D}.Release|Mixed Platforms.ActiveCfg = Release|Any CPU
		{D6F2AD5F-F02B-438B-AA01-704DE9FE485D}.Release|Mixed Platforms.Build.0 = Release|Any CPU
		{D6F2AD5F-F02B-438B-AA01-704DE9FE485D}.Release|x86.ActiveCfg = Release|Any CPU
		{0C718885-D6C9-48BE-A687-AF9E21F7ACF3}.Debug|Any CPU.ActiveCfg = Debug|Any CPU
		{0C718885-D6C9-48BE-A687-AF9E21F7ACF3}.Debug|Any CPU.Build.0 = Debug|Any CPU
		{0C718885-D6C9-48BE-A687-AF9E21F7ACF3}.Debug|Mixed Platforms.ActiveCfg = Debug|Any CPU
		{0C718885-D6C9-48BE-A687-AF9E21F7ACF3}.Debug|Mixed Platforms.Build.0 = Debug|Any CPU
		{0C718885-D6C9-48BE-A687-AF9E21F7ACF3}.Debug|x86.ActiveCfg = Debug|Any CPU
		{0C718885-D6C9-48BE-A687-AF9E21F7ACF3}.Release|Any CPU.ActiveCfg = Release|Any CPU
		{0C718885-D6C9-48BE-A687-AF9E21F7ACF3}.Release|Any CPU.Build.0 = Release|Any CPU
		{0C718885-D6C9-48BE-A687-AF9E21F7ACF3}.Release|Mixed Platforms.ActiveCfg = Release|Any CPU
		{0C718885-D6C9-48BE-A687-AF9E21F7ACF3}.Release|Mixed Platforms.Build.0 = Release|Any CPU
		{0C718885-D6C9-48BE-A687-AF9E21F7ACF3}.Release|x86.ActiveCfg = Release|Any CPU
		{F602ABE7-309C-4DC6-A266-04042A48623F}.Debug|Any CPU.ActiveCfg = Debug|Any CPU
		{F602ABE7-309C-4DC6-A266-04042A48623F}.Debug|Any CPU.Build.0 = Debug|Any CPU
		{F602ABE7-309C-4DC6-A266-04042A48623F}.Debug|Mixed Platforms.ActiveCfg = Debug|Any CPU
		{F602ABE7-309C-4DC6-A266-04042A48623F}.Debug|Mixed Platforms.Build.0 = Debug|Any CPU
		{F602ABE7-309C-4DC6-A266-04042A48623F}.Debug|x86.ActiveCfg = Debug|Any CPU
		{F602ABE7-309C-4DC6-A266-04042A48623F}.Release|Any CPU.ActiveCfg = Release|Any CPU
		{F602ABE7-309C-4DC6-A266-04042A48623F}.Release|Any CPU.Build.0 = Release|Any CPU
		{F602ABE7-309C-4DC6-A266-04042A48623F}.Release|Mixed Platforms.ActiveCfg = Release|Any CPU
		{F602ABE7-309C-4DC6-A266-04042A48623F}.Release|Mixed Platforms.Build.0 = Release|Any CPU
		{F602ABE7-309C-4DC6-A266-04042A48623F}.Release|x86.ActiveCfg = Release|Any CPU
		{076E9F8B-9C2E-4043-8EBF-9BA88E09A0EC}.Debug|Any CPU.ActiveCfg = Debug|Any CPU
		{076E9F8B-9C2E-4043-8EBF-9BA88E09A0EC}.Debug|Any CPU.Build.0 = Debug|Any CPU
		{076E9F8B-9C2E-4043-8EBF-9BA88E09A0EC}.Debug|Mixed Platforms.ActiveCfg = Debug|Any CPU
		{076E9F8B-9C2E-4043-8EBF-9BA88E09A0EC}.Debug|Mixed Platforms.Build.0 = Debug|Any CPU
		{076E9F8B-9C2E-4043-8EBF-9BA88E09A0EC}.Debug|x86.ActiveCfg = Debug|Any CPU
		{076E9F8B-9C2E-4043-8EBF-9BA88E09A0EC}.Release|Any CPU.ActiveCfg = Release|Any CPU
		{076E9F8B-9C2E-4043-8EBF-9BA88E09A0EC}.Release|Any CPU.Build.0 = Release|Any CPU
		{076E9F8B-9C2E-4043-8EBF-9BA88E09A0EC}.Release|Mixed Platforms.ActiveCfg = Release|Any CPU
		{076E9F8B-9C2E-4043-8EBF-9BA88E09A0EC}.Release|Mixed Platforms.Build.0 = Release|Any CPU
		{076E9F8B-9C2E-4043-8EBF-9BA88E09A0EC}.Release|x86.ActiveCfg = Release|Any CPU
		{18FAF2EE-9442-4FE8-8723-D5A17C7E02B1}.Debug|Any CPU.ActiveCfg = Debug|Any CPU
		{18FAF2EE-9442-4FE8-8723-D5A17C7E02B1}.Debug|Any CPU.Build.0 = Debug|Any CPU
		{18FAF2EE-9442-4FE8-8723-D5A17C7E02B1}.Debug|Mixed Platforms.ActiveCfg = Debug|Any CPU
		{18FAF2EE-9442-4FE8-8723-D5A17C7E02B1}.Debug|Mixed Platforms.Build.0 = Debug|Any CPU
		{18FAF2EE-9442-4FE8-8723-D5A17C7E02B1}.Debug|x86.ActiveCfg = Debug|Any CPU
		{18FAF2EE-9442-4FE8-8723-D5A17C7E02B1}.Release|Any CPU.ActiveCfg = Release|Any CPU
		{18FAF2EE-9442-4FE8-8723-D5A17C7E02B1}.Release|Any CPU.Build.0 = Release|Any CPU
		{18FAF2EE-9442-4FE8-8723-D5A17C7E02B1}.Release|Mixed Platforms.ActiveCfg = Release|Any CPU
		{18FAF2EE-9442-4FE8-8723-D5A17C7E02B1}.Release|Mixed Platforms.Build.0 = Release|Any CPU
		{18FAF2EE-9442-4FE8-8723-D5A17C7E02B1}.Release|x86.ActiveCfg = Release|Any CPU
		{DC3D0C0F-F024-4A72-83E4-DF3D6AE5DB26}.Debug|Any CPU.ActiveCfg = Debug|Any CPU
		{DC3D0C0F-F024-4A72-83E4-DF3D6AE5DB26}.Debug|Any CPU.Build.0 = Debug|Any CPU
		{DC3D0C0F-F024-4A72-83E4-DF3D6AE5DB26}.Debug|Mixed Platforms.ActiveCfg = Debug|Any CPU
		{DC3D0C0F-F024-4A72-83E4-DF3D6AE5DB26}.Debug|Mixed Platforms.Build.0 = Debug|Any CPU
		{DC3D0C0F-F024-4A72-83E4-DF3D6AE5DB26}.Debug|x86.ActiveCfg = Debug|Any CPU
		{DC3D0C0F-F024-4A72-83E4-DF3D6AE5DB26}.Release|Any CPU.ActiveCfg = Release|Any CPU
		{DC3D0C0F-F024-4A72-83E4-DF3D6AE5DB26}.Release|Any CPU.Build.0 = Release|Any CPU
		{DC3D0C0F-F024-4A72-83E4-DF3D6AE5DB26}.Release|Mixed Platforms.ActiveCfg = Release|Any CPU
		{DC3D0C0F-F024-4A72-83E4-DF3D6AE5DB26}.Release|Mixed Platforms.Build.0 = Release|Any CPU
		{DC3D0C0F-F024-4A72-83E4-DF3D6AE5DB26}.Release|x86.ActiveCfg = Release|Any CPU
		{5AACB2EF-9199-41E8-B08C-81CAE4F29DD5}.Debug|Any CPU.ActiveCfg = Debug|Any CPU
		{5AACB2EF-9199-41E8-B08C-81CAE4F29DD5}.Debug|Any CPU.Build.0 = Debug|Any CPU
		{5AACB2EF-9199-41E8-B08C-81CAE4F29DD5}.Debug|Mixed Platforms.ActiveCfg = Debug|Any CPU
		{5AACB2EF-9199-41E8-B08C-81CAE4F29DD5}.Debug|Mixed Platforms.Build.0 = Debug|Any CPU
		{5AACB2EF-9199-41E8-B08C-81CAE4F29DD5}.Debug|x86.ActiveCfg = Debug|Any CPU
		{5AACB2EF-9199-41E8-B08C-81CAE4F29DD5}.Release|Any CPU.ActiveCfg = Release|Any CPU
		{5AACB2EF-9199-41E8-B08C-81CAE4F29DD5}.Release|Any CPU.Build.0 = Release|Any CPU
		{5AACB2EF-9199-41E8-B08C-81CAE4F29DD5}.Release|Mixed Platforms.ActiveCfg = Release|Any CPU
		{5AACB2EF-9199-41E8-B08C-81CAE4F29DD5}.Release|Mixed Platforms.Build.0 = Release|Any CPU
		{5AACB2EF-9199-41E8-B08C-81CAE4F29DD5}.Release|x86.ActiveCfg = Release|Any CPU
		{3913DB80-18C2-4326-B6E4-BDE0B21DDCE1}.Debug|Any CPU.ActiveCfg = Debug|Any CPU
		{3913DB80-18C2-4326-B6E4-BDE0B21DDCE1}.Debug|Any CPU.Build.0 = Debug|Any CPU
		{3913DB80-18C2-4326-B6E4-BDE0B21DDCE1}.Debug|Mixed Platforms.ActiveCfg = Debug|Any CPU
		{3913DB80-18C2-4326-B6E4-BDE0B21DDCE1}.Debug|Mixed Platforms.Build.0 = Debug|Any CPU
		{3913DB80-18C2-4326-B6E4-BDE0B21DDCE1}.Debug|x86.ActiveCfg = Debug|Any CPU
		{3913DB80-18C2-4326-B6E4-BDE0B21DDCE1}.Release|Any CPU.ActiveCfg = Release|Any CPU
		{3913DB80-18C2-4326-B6E4-BDE0B21DDCE1}.Release|Any CPU.Build.0 = Release|Any CPU
		{3913DB80-18C2-4326-B6E4-BDE0B21DDCE1}.Release|Mixed Platforms.ActiveCfg = Release|Any CPU
		{3913DB80-18C2-4326-B6E4-BDE0B21DDCE1}.Release|Mixed Platforms.Build.0 = Release|Any CPU
		{3913DB80-18C2-4326-B6E4-BDE0B21DDCE1}.Release|x86.ActiveCfg = Release|Any CPU
		{74A2CE18-9CFD-4436-8565-1D70F4449EC3}.Debug|Any CPU.ActiveCfg = Debug|Any CPU
		{74A2CE18-9CFD-4436-8565-1D70F4449EC3}.Debug|Any CPU.Build.0 = Debug|Any CPU
		{74A2CE18-9CFD-4436-8565-1D70F4449EC3}.Debug|Mixed Platforms.ActiveCfg = Debug|Any CPU
		{74A2CE18-9CFD-4436-8565-1D70F4449EC3}.Debug|Mixed Platforms.Build.0 = Debug|Any CPU
		{74A2CE18-9CFD-4436-8565-1D70F4449EC3}.Debug|x86.ActiveCfg = Debug|Any CPU
		{74A2CE18-9CFD-4436-8565-1D70F4449EC3}.Release|Any CPU.ActiveCfg = Release|Any CPU
		{74A2CE18-9CFD-4436-8565-1D70F4449EC3}.Release|Any CPU.Build.0 = Release|Any CPU
		{74A2CE18-9CFD-4436-8565-1D70F4449EC3}.Release|Mixed Platforms.ActiveCfg = Release|Any CPU
		{74A2CE18-9CFD-4436-8565-1D70F4449EC3}.Release|Mixed Platforms.Build.0 = Release|Any CPU
		{74A2CE18-9CFD-4436-8565-1D70F4449EC3}.Release|x86.ActiveCfg = Release|Any CPU
		{03F4533A-B8B4-4729-BA99-1B8F2A1ACF5D}.Debug|Any CPU.ActiveCfg = Debug|Any CPU
		{03F4533A-B8B4-4729-BA99-1B8F2A1ACF5D}.Debug|Any CPU.Build.0 = Debug|Any CPU
		{03F4533A-B8B4-4729-BA99-1B8F2A1ACF5D}.Debug|Mixed Platforms.ActiveCfg = Debug|Any CPU
		{03F4533A-B8B4-4729-BA99-1B8F2A1ACF5D}.Debug|Mixed Platforms.Build.0 = Debug|Any CPU
		{03F4533A-B8B4-4729-BA99-1B8F2A1ACF5D}.Debug|x86.ActiveCfg = Debug|Any CPU
		{03F4533A-B8B4-4729-BA99-1B8F2A1ACF5D}.Release|Any CPU.ActiveCfg = Release|Any CPU
		{03F4533A-B8B4-4729-BA99-1B8F2A1ACF5D}.Release|Any CPU.Build.0 = Release|Any CPU
		{03F4533A-B8B4-4729-BA99-1B8F2A1ACF5D}.Release|Mixed Platforms.ActiveCfg = Release|Any CPU
		{03F4533A-B8B4-4729-BA99-1B8F2A1ACF5D}.Release|Mixed Platforms.Build.0 = Release|Any CPU
		{03F4533A-B8B4-4729-BA99-1B8F2A1ACF5D}.Release|x86.ActiveCfg = Release|Any CPU
		{BD4CC6D5-8212-4BFF-BFA0-B6F84E668230}.Debug|Any CPU.ActiveCfg = Debug|Any CPU
		{BD4CC6D5-8212-4BFF-BFA0-B6F84E668230}.Debug|Any CPU.Build.0 = Debug|Any CPU
		{BD4CC6D5-8212-4BFF-BFA0-B6F84E668230}.Debug|Mixed Platforms.ActiveCfg = Debug|Any CPU
		{BD4CC6D5-8212-4BFF-BFA0-B6F84E668230}.Debug|Mixed Platforms.Build.0 = Debug|Any CPU
		{BD4CC6D5-8212-4BFF-BFA0-B6F84E668230}.Debug|x86.ActiveCfg = Debug|Any CPU
		{BD4CC6D5-8212-4BFF-BFA0-B6F84E668230}.Release|Any CPU.ActiveCfg = Release|Any CPU
		{BD4CC6D5-8212-4BFF-BFA0-B6F84E668230}.Release|Any CPU.Build.0 = Release|Any CPU
		{BD4CC6D5-8212-4BFF-BFA0-B6F84E668230}.Release|Mixed Platforms.ActiveCfg = Release|Any CPU
		{BD4CC6D5-8212-4BFF-BFA0-B6F84E668230}.Release|Mixed Platforms.Build.0 = Release|Any CPU
		{BD4CC6D5-8212-4BFF-BFA0-B6F84E668230}.Release|x86.ActiveCfg = Release|Any CPU
		{8AFBBD65-4303-4FB7-AFD5-5979DE419655}.Debug|Any CPU.ActiveCfg = Debug|Any CPU
		{8AFBBD65-4303-4FB7-AFD5-5979DE419655}.Debug|Any CPU.Build.0 = Debug|Any CPU
		{8AFBBD65-4303-4FB7-AFD5-5979DE419655}.Debug|Mixed Platforms.ActiveCfg = Debug|Any CPU
		{8AFBBD65-4303-4FB7-AFD5-5979DE419655}.Debug|Mixed Platforms.Build.0 = Debug|Any CPU
		{8AFBBD65-4303-4FB7-AFD5-5979DE419655}.Debug|x86.ActiveCfg = Debug|Any CPU
		{8AFBBD65-4303-4FB7-AFD5-5979DE419655}.Release|Any CPU.ActiveCfg = Release|Any CPU
		{8AFBBD65-4303-4FB7-AFD5-5979DE419655}.Release|Any CPU.Build.0 = Release|Any CPU
		{8AFBBD65-4303-4FB7-AFD5-5979DE419655}.Release|Mixed Platforms.ActiveCfg = Release|Any CPU
		{8AFBBD65-4303-4FB7-AFD5-5979DE419655}.Release|Mixed Platforms.Build.0 = Release|Any CPU
		{8AFBBD65-4303-4FB7-AFD5-5979DE419655}.Release|x86.ActiveCfg = Release|Any CPU
		{568C8C5A-45C4-47E5-8E03-7A0954564216}.Debug|Any CPU.ActiveCfg = Debug|Any CPU
		{568C8C5A-45C4-47E5-8E03-7A0954564216}.Debug|Any CPU.Build.0 = Debug|Any CPU
		{568C8C5A-45C4-47E5-8E03-7A0954564216}.Debug|Mixed Platforms.ActiveCfg = Debug|Any CPU
		{568C8C5A-45C4-47E5-8E03-7A0954564216}.Debug|Mixed Platforms.Build.0 = Debug|Any CPU
		{568C8C5A-45C4-47E5-8E03-7A0954564216}.Debug|x86.ActiveCfg = Debug|Any CPU
		{568C8C5A-45C4-47E5-8E03-7A0954564216}.Release|Any CPU.ActiveCfg = Release|Any CPU
		{568C8C5A-45C4-47E5-8E03-7A0954564216}.Release|Any CPU.Build.0 = Release|Any CPU
		{568C8C5A-45C4-47E5-8E03-7A0954564216}.Release|Mixed Platforms.ActiveCfg = Release|Any CPU
		{568C8C5A-45C4-47E5-8E03-7A0954564216}.Release|Mixed Platforms.Build.0 = Release|Any CPU
		{568C8C5A-45C4-47E5-8E03-7A0954564216}.Release|x86.ActiveCfg = Release|Any CPU
		{2D0071C9-9D71-4C1A-9841-9FD99436F01B}.Debug|Any CPU.ActiveCfg = Debug|Any CPU
		{2D0071C9-9D71-4C1A-9841-9FD99436F01B}.Debug|Any CPU.Build.0 = Debug|Any CPU
		{2D0071C9-9D71-4C1A-9841-9FD99436F01B}.Debug|Mixed Platforms.ActiveCfg = Debug|Any CPU
		{2D0071C9-9D71-4C1A-9841-9FD99436F01B}.Debug|Mixed Platforms.Build.0 = Debug|Any CPU
		{2D0071C9-9D71-4C1A-9841-9FD99436F01B}.Debug|x86.ActiveCfg = Debug|Any CPU
		{2D0071C9-9D71-4C1A-9841-9FD99436F01B}.Release|Any CPU.ActiveCfg = Release|Any CPU
		{2D0071C9-9D71-4C1A-9841-9FD99436F01B}.Release|Any CPU.Build.0 = Release|Any CPU
		{2D0071C9-9D71-4C1A-9841-9FD99436F01B}.Release|Mixed Platforms.ActiveCfg = Release|Any CPU
		{2D0071C9-9D71-4C1A-9841-9FD99436F01B}.Release|Mixed Platforms.Build.0 = Release|Any CPU
		{2D0071C9-9D71-4C1A-9841-9FD99436F01B}.Release|x86.ActiveCfg = Release|Any CPU
		{9E1D695F-2509-4A20-9968-2AF9CF0D85B1}.Debug|Any CPU.ActiveCfg = Debug|Any CPU
		{9E1D695F-2509-4A20-9968-2AF9CF0D85B1}.Debug|Any CPU.Build.0 = Debug|Any CPU
		{9E1D695F-2509-4A20-9968-2AF9CF0D85B1}.Debug|Mixed Platforms.ActiveCfg = Debug|Any CPU
		{9E1D695F-2509-4A20-9968-2AF9CF0D85B1}.Debug|Mixed Platforms.Build.0 = Debug|Any CPU
		{9E1D695F-2509-4A20-9968-2AF9CF0D85B1}.Debug|x86.ActiveCfg = Debug|Any CPU
		{9E1D695F-2509-4A20-9968-2AF9CF0D85B1}.Release|Any CPU.ActiveCfg = Release|Any CPU
		{9E1D695F-2509-4A20-9968-2AF9CF0D85B1}.Release|Any CPU.Build.0 = Release|Any CPU
		{9E1D695F-2509-4A20-9968-2AF9CF0D85B1}.Release|Mixed Platforms.ActiveCfg = Release|Any CPU
		{9E1D695F-2509-4A20-9968-2AF9CF0D85B1}.Release|Mixed Platforms.Build.0 = Release|Any CPU
		{9E1D695F-2509-4A20-9968-2AF9CF0D85B1}.Release|x86.ActiveCfg = Release|Any CPU
		{2E72B3AD-17A8-4E95-A434-FB8BA70266C9}.Debug|Any CPU.ActiveCfg = Debug|Any CPU
		{2E72B3AD-17A8-4E95-A434-FB8BA70266C9}.Debug|Any CPU.Build.0 = Debug|Any CPU
		{2E72B3AD-17A8-4E95-A434-FB8BA70266C9}.Debug|Mixed Platforms.ActiveCfg = Debug|Any CPU
		{2E72B3AD-17A8-4E95-A434-FB8BA70266C9}.Debug|Mixed Platforms.Build.0 = Debug|Any CPU
		{2E72B3AD-17A8-4E95-A434-FB8BA70266C9}.Debug|x86.ActiveCfg = Debug|Any CPU
		{2E72B3AD-17A8-4E95-A434-FB8BA70266C9}.Release|Any CPU.ActiveCfg = Release|Any CPU
		{2E72B3AD-17A8-4E95-A434-FB8BA70266C9}.Release|Any CPU.Build.0 = Release|Any CPU
		{2E72B3AD-17A8-4E95-A434-FB8BA70266C9}.Release|Mixed Platforms.ActiveCfg = Release|Any CPU
		{2E72B3AD-17A8-4E95-A434-FB8BA70266C9}.Release|Mixed Platforms.Build.0 = Release|Any CPU
		{2E72B3AD-17A8-4E95-A434-FB8BA70266C9}.Release|x86.ActiveCfg = Release|Any CPU
		{28A360A8-9875-4676-A392-EA632EB86D56}.Debug|Any CPU.ActiveCfg = Debug|x86
		{28A360A8-9875-4676-A392-EA632EB86D56}.Debug|Mixed Platforms.ActiveCfg = Debug|x86
		{28A360A8-9875-4676-A392-EA632EB86D56}.Debug|Mixed Platforms.Build.0 = Debug|x86
		{28A360A8-9875-4676-A392-EA632EB86D56}.Debug|x86.ActiveCfg = Debug|x86
		{28A360A8-9875-4676-A392-EA632EB86D56}.Debug|x86.Build.0 = Debug|x86
		{28A360A8-9875-4676-A392-EA632EB86D56}.Release|Any CPU.ActiveCfg = Release|x86
		{28A360A8-9875-4676-A392-EA632EB86D56}.Release|Mixed Platforms.ActiveCfg = Release|x86
		{28A360A8-9875-4676-A392-EA632EB86D56}.Release|Mixed Platforms.Build.0 = Release|x86
		{28A360A8-9875-4676-A392-EA632EB86D56}.Release|x86.ActiveCfg = Release|x86
		{28A360A8-9875-4676-A392-EA632EB86D56}.Release|x86.Build.0 = Release|x86
	EndGlobalSection
	GlobalSection(SolutionProperties) = preSolution
		HideSolutionNode = FALSE
	EndGlobalSection
	GlobalSection(NestedProjects) = preSolution
		{246966D4-E6C8-4D8F-8179-0A698095D71F} = {A3CA94A8-35C8-4A89-A118-07F41A171348}
		{52788849-3FC3-48B6-BCE1-0A9A18E9BA77} = {A3CA94A8-35C8-4A89-A118-07F41A171348}
		{D6F2AD5F-F02B-438B-AA01-704DE9FE485D} = {A3CA94A8-35C8-4A89-A118-07F41A171348}
		{0C718885-D6C9-48BE-A687-AF9E21F7ACF3} = {A3CA94A8-35C8-4A89-A118-07F41A171348}
		{F602ABE7-309C-4DC6-A266-04042A48623F} = {A3CA94A8-35C8-4A89-A118-07F41A171348}
		{94C74F05-EE98-4E6C-A896-872032527332} = {A3CA94A8-35C8-4A89-A118-07F41A171348}
		{74A2CE18-9CFD-4436-8565-1D70F4449EC3} = {A3CA94A8-35C8-4A89-A118-07F41A171348}
		{8AFBBD65-4303-4FB7-AFD5-5979DE419655} = {0CED6C74-6831-4827-B389-2364395CFFEC}
		{568C8C5A-45C4-47E5-8E03-7A0954564216} = {0CED6C74-6831-4827-B389-2364395CFFEC}
		{2D0071C9-9D71-4C1A-9841-9FD99436F01B} = {0CED6C74-6831-4827-B389-2364395CFFEC}
	EndGlobalSection
EndGlobal
